
Microsoft Visual Studio Solution File, Format Version 12.00
# Visual Studio Version 17
VisualStudioVersion = 17.14.36203.30
MinimumVisualStudioVersion = 10.0.40219.1
Project("{FAE04EC0-301F-11D3-BF4B-00C04F79EFBC}") = "Ability Mastery", "Ability Mastery.csproj", "{4EA98F6E-AD01-4A01-8347-A21248AB7545}"
EndProject
Global
	GlobalSection(SolutionConfigurationPlatforms) = preSolution
		1.5|Any CPU = 1.5|Any CPU
		1.6|Any CPU = 1.6|Any CPU
	EndGlobalSection
	GlobalSection(ProjectConfigurationPlatforms) = postSolution
		{4EA98F6E-AD01-4A01-8347-A21248AB7545}.1.5|Any CPU.ActiveCfg = 1.5|Any CPU
		{4EA98F6E-AD01-4A01-8347-A21248AB7545}.1.5|Any CPU.Build.0 = 1.5|Any CPU
		{4EA98F6E-AD01-4A01-8347-A21248AB7545}.1.6|Any CPU.ActiveCfg = 1.6|Any CPU
		{4EA98F6E-AD01-4A01-8347-A21248AB7545}.1.6|Any CPU.Build.0 = 1.6|Any CPU
	EndGlobalSection
	GlobalSection(SolutionProperties) = preSolution
		HideSolutionNode = FALSE
	EndGlobalSection
	GlobalSection(ExtensibilityGlobals) = postSolution
		SolutionGuid = {9393F99F-1939-4E61-92C4-6FD443AD76F9}
	EndGlobalSection
EndGlobal
